
Microsoft Visual Studio Solution File, Format Version 12.00
# Visual Studio Version 17
VisualStudioVersion = 17.4.33213.308
MinimumVisualStudioVersion = 10.0.40219.1
Project("{FAE04EC0-301F-11D3-BF4B-00C04F79EFBC}") = "SilverLynx.Test.BankApp.API", "SilverLynx.Test.BankApp.API\SilverLynx.Test.BankApp.API.csproj", "{C9243C3B-0F00-4629-88BE-C2ADC5A75104}"
EndProject
Project("{2150E333-8FDC-42A3-9474-1A3956D46DE8}") = "Presentation", "Presentation", "{19BEEC91-6E9A-478E-85DE-DF8F0F81CA19}"
EndProject
Project("{FAE04EC0-301F-11D3-BF4B-00C04F79EFBC}") = "SilverLynx.Test.BankApp.Test", "SilverLynx.Test.BankApp.Test\SilverLynx.Test.BankApp.Test.csproj", "{AF6A8974-D8C8-4F8D-935E-B4F646C439C3}"
EndProject
Project("{2150E333-8FDC-42A3-9474-1A3956D46DE8}") = "Services", "Services", "{C98578F2-1808-40D7-BBED-152328BDDDE9}"
EndProject
Project("{2150E333-8FDC-42A3-9474-1A3956D46DE8}") = "Persistence", "Persistence", "{99EA288D-3B0A-4FDE-B074-320BB3963735}"
EndProject
Project("{2150E333-8FDC-42A3-9474-1A3956D46DE8}") = "Infrastructure", "Infrastructure", "{2A8ED465-982C-44E8-B82F-C27820580A46}"
EndProject
Project("{2150E333-8FDC-42A3-9474-1A3956D46DE8}") = "Domain", "Domain", "{1F49246F-DF49-4B6F-BE6F-8450E3CEED62}"
EndProject
Project("{2150E333-8FDC-42A3-9474-1A3956D46DE8}") = "Common", "Common", "{8FE393C0-FB08-422F-82EA-B9C5BA476CF2}"
EndProject
Project("{FAE04EC0-301F-11D3-BF4B-00C04F79EFBC}") = "SilverLynx.Test.BankApp.Service", "SilverLynx.Test.BankApp.Service\SilverLynx.Test.BankApp.Service.csproj", "{FA10E0C4-80DD-4477-BA85-F19E226392E0}"
EndProject
Project("{FAE04EC0-301F-11D3-BF4B-00C04F79EFBC}") = "SilverLynx.Test.BankApp.Common", "SilverLynx.Test.BankApp.Common\SilverLynx.Test.BankApp.Common.csproj", "{6FBF731C-87AE-4074-AB1B-1B5E96B26F00}"
EndProject
Project("{FAE04EC0-301F-11D3-BF4B-00C04F79EFBC}") = "SilverLynx.Test.BankApp.Domain", "SilverLynx.Test.BankApp.Domain\SilverLynx.Test.BankApp.Domain.csproj", "{A3652D7B-4CE3-409F-ACD8-C235E4866494}"
EndProject
Project("{FAE04EC0-301F-11D3-BF4B-00C04F79EFBC}") = "SilverLynx.Test.BankApp.Infrastructure", "SilverLynx.Test.BankApp.Infrastructure\SilverLynx.Test.BankApp.Infrastructure.csproj", "{C9A8AF02-A0E3-4D37-B482-537A67279F07}"
EndProject
Project("{FAE04EC0-301F-11D3-BF4B-00C04F79EFBC}") = "SilverLynx.Test.BankApp.Persistence", "SilverLynxBankAppDBContext.Persistence\SilverLynx.Test.BankApp.Persistence.csproj", "{BEF7F438-615C-4DFB-B0FA-ECF36D522688}"
EndProject
Global
	GlobalSection(SolutionConfigurationPlatforms) = preSolution
		Debug|Any CPU = Debug|Any CPU
		Release|Any CPU = Release|Any CPU
	EndGlobalSection
	GlobalSection(ProjectConfigurationPlatforms) = postSolution
		{C9243C3B-0F00-4629-88BE-C2ADC5A75104}.Debug|Any CPU.ActiveCfg = Debug|Any CPU
		{C9243C3B-0F00-4629-88BE-C2ADC5A75104}.Debug|Any CPU.Build.0 = Debug|Any CPU
		{C9243C3B-0F00-4629-88BE-C2ADC5A75104}.Release|Any CPU.ActiveCfg = Release|Any CPU
		{C9243C3B-0F00-4629-88BE-C2ADC5A75104}.Release|Any CPU.Build.0 = Release|Any CPU
		{AF6A8974-D8C8-4F8D-935E-B4F646C439C3}.Debug|Any CPU.ActiveCfg = Debug|Any CPU
		{AF6A8974-D8C8-4F8D-935E-B4F646C439C3}.Debug|Any CPU.Build.0 = Debug|Any CPU
		{AF6A8974-D8C8-4F8D-935E-B4F646C439C3}.Release|Any CPU.ActiveCfg = Release|Any CPU
		{AF6A8974-D8C8-4F8D-935E-B4F646C439C3}.Release|Any CPU.Build.0 = Release|Any CPU
		{FA10E0C4-80DD-4477-BA85-F19E226392E0}.Debug|Any CPU.ActiveCfg = Debug|Any CPU
		{FA10E0C4-80DD-4477-BA85-F19E226392E0}.Debug|Any CPU.Build.0 = Debug|Any CPU
		{FA10E0C4-80DD-4477-BA85-F19E226392E0}.Release|Any CPU.ActiveCfg = Release|Any CPU
		{FA10E0C4-80DD-4477-BA85-F19E226392E0}.Release|Any CPU.Build.0 = Release|Any CPU
		{6FBF731C-87AE-4074-AB1B-1B5E96B26F00}.Debug|Any CPU.ActiveCfg = Debug|Any CPU
		{6FBF731C-87AE-4074-AB1B-1B5E96B26F00}.Debug|Any CPU.Build.0 = Debug|Any CPU
		{6FBF731C-87AE-4074-AB1B-1B5E96B26F00}.Release|Any CPU.ActiveCfg = Release|Any CPU
		{6FBF731C-87AE-4074-AB1B-1B5E96B26F00}.Release|Any CPU.Build.0 = Release|Any CPU
		{A3652D7B-4CE3-409F-ACD8-C235E4866494}.Debug|Any CPU.ActiveCfg = Debug|Any CPU
		{A3652D7B-4CE3-409F-ACD8-C235E4866494}.Debug|Any CPU.Build.0 = Debug|Any CPU
		{A3652D7B-4CE3-409F-ACD8-C235E4866494}.Release|Any CPU.ActiveCfg = Release|Any CPU
		{A3652D7B-4CE3-409F-ACD8-C235E4866494}.Release|Any CPU.Build.0 = Release|Any CPU
		{C9A8AF02-A0E3-4D37-B482-537A67279F07}.Debug|Any CPU.ActiveCfg = Debug|Any CPU
		{C9A8AF02-A0E3-4D37-B482-537A67279F07}.Debug|Any CPU.Build.0 = Debug|Any CPU
		{C9A8AF02-A0E3-4D37-B482-537A67279F07}.Release|Any CPU.ActiveCfg = Release|Any CPU
		{C9A8AF02-A0E3-4D37-B482-537A67279F07}.Release|Any CPU.Build.0 = Release|Any CPU
		{BEF7F438-615C-4DFB-B0FA-ECF36D522688}.Debug|Any CPU.ActiveCfg = Debug|Any CPU
		{BEF7F438-615C-4DFB-B0FA-ECF36D522688}.Debug|Any CPU.Build.0 = Debug|Any CPU
		{BEF7F438-615C-4DFB-B0FA-ECF36D522688}.Release|Any CPU.ActiveCfg = Release|Any CPU
		{BEF7F438-615C-4DFB-B0FA-ECF36D522688}.Release|Any CPU.Build.0 = Release|Any CPU
	EndGlobalSection
	GlobalSection(SolutionProperties) = preSolution
		HideSolutionNode = FALSE
	EndGlobalSection
	GlobalSection(NestedProjects) = preSolution
		{C9243C3B-0F00-4629-88BE-C2ADC5A75104} = {19BEEC91-6E9A-478E-85DE-DF8F0F81CA19}
		{AF6A8974-D8C8-4F8D-935E-B4F646C439C3} = {19BEEC91-6E9A-478E-85DE-DF8F0F81CA19}
		{FA10E0C4-80DD-4477-BA85-F19E226392E0} = {C98578F2-1808-40D7-BBED-152328BDDDE9}
		{6FBF731C-87AE-4074-AB1B-1B5E96B26F00} = {8FE393C0-FB08-422F-82EA-B9C5BA476CF2}
		{A3652D7B-4CE3-409F-ACD8-C235E4866494} = {1F49246F-DF49-4B6F-BE6F-8450E3CEED62}
		{C9A8AF02-A0E3-4D37-B482-537A67279F07} = {2A8ED465-982C-44E8-B82F-C27820580A46}
		{BEF7F438-615C-4DFB-B0FA-ECF36D522688} = {99EA288D-3B0A-4FDE-B074-320BB3963735}
	EndGlobalSection
	GlobalSection(ExtensibilityGlobals) = postSolution
		SolutionGuid = {7E798C9E-B29A-40A1-9925-551F08025C72}
	EndGlobalSection
EndGlobal
